// !$*UTF8*$!
{
	archiveVersion = 1;
	classes = {
	};
	objectVersion = 56;
	objects = {

/* Begin PBXBuildFile section */
		9618573D2BA3183C001D6700 /* TransactionType.swift in Sources */ = {isa = PBXBuildFile; fileRef = 9618573C2BA3183C001D6700 /* TransactionType.swift */; };
		961857432BA5B4C0001D6700 /* CoreDataModel.xcdatamodeld in Sources */ = {isa = PBXBuildFile; fileRef = 961857412BA5B4C0001D6700 /* CoreDataModel.xcdatamodeld */; };
		961857462BA5BE7D001D6700 /* CoreDataStack.swift in Sources */ = {isa = PBXBuildFile; fileRef = 961857452BA5BE7D001D6700 /* CoreDataStack.swift */; };
		9618574B2BA89CCC001D6700 /* CoreDataStack + Account.swift in Sources */ = {isa = PBXBuildFile; fileRef = 9618574A2BA89CCC001D6700 /* CoreDataStack + Account.swift */; };
		9618574D2BA8A106001D6700 /* CoreDataStack + Currency.swift in Sources */ = {isa = PBXBuildFile; fileRef = 9618574C2BA8A106001D6700 /* CoreDataStack + Currency.swift */; };
		9618575D2BA99C54001D6700 /* CoreDataStack + InitializeDataIfNeeded.swift in Sources */ = {isa = PBXBuildFile; fileRef = 9618575C2BA99C54001D6700 /* CoreDataStack + InitializeDataIfNeeded.swift */; };
		9618575F2BA9DFD7001D6700 /* Icon.swift in Sources */ = {isa = PBXBuildFile; fileRef = 9618575E2BA9DFD7001D6700 /* Icon.swift */; };
		961857622BA9E8D7001D6700 /* UIColor + HexString.swift in Sources */ = {isa = PBXBuildFile; fileRef = 961857612BA9E8D7001D6700 /* UIColor + HexString.swift */; };
		961857732BA9F1CE001D6700 /* Account+CoreDataClass.swift in Sources */ = {isa = PBXBuildFile; fileRef = 961857712BA9F1CE001D6700 /* Account+CoreDataClass.swift */; };
		961857742BA9F1CE001D6700 /* Account+CoreDataProperties.swift in Sources */ = {isa = PBXBuildFile; fileRef = 961857722BA9F1CE001D6700 /* Account+CoreDataProperties.swift */; };
		961857762BAA0874001D6700 /* Categorieble.swift in Sources */ = {isa = PBXBuildFile; fileRef = 961857752BAA0874001D6700 /* Categorieble.swift */; };
		968558482B8FDBD30090D5ED /* AppDelegate.swift in Sources */ = {isa = PBXBuildFile; fileRef = 968558472B8FDBD30090D5ED /* AppDelegate.swift */; };
		9685584A2B8FDBD30090D5ED /* SceneDelegate.swift in Sources */ = {isa = PBXBuildFile; fileRef = 968558492B8FDBD30090D5ED /* SceneDelegate.swift */; };
		9685584C2B8FDBD30090D5ED /* MainViewController.swift in Sources */ = {isa = PBXBuildFile; fileRef = 9685584B2B8FDBD30090D5ED /* MainViewController.swift */; };
		968558512B8FDBD40090D5ED /* Assets.xcassets in Resources */ = {isa = PBXBuildFile; fileRef = 968558502B8FDBD40090D5ED /* Assets.xcassets */; };
		968558542B8FDBD40090D5ED /* LaunchScreen.storyboard in Resources */ = {isa = PBXBuildFile; fileRef = 968558522B8FDBD40090D5ED /* LaunchScreen.storyboard */; };
		9685585F2B9095520090D5ED /* TabBar.swift in Sources */ = {isa = PBXBuildFile; fileRef = 9685585E2B9095520090D5ED /* TabBar.swift */; };
		968558652B90AF2F0090D5ED /* AccountsViewController.swift in Sources */ = {isa = PBXBuildFile; fileRef = 968558642B90AF2F0090D5ED /* AccountsViewController.swift */; };
		968558672B90AF4D0090D5ED /* StatisticsViewController.swift in Sources */ = {isa = PBXBuildFile; fileRef = 968558662B90AF4D0090D5ED /* StatisticsViewController.swift */; };
		968558692B90AF620090D5ED /* SettingsViewController.swift in Sources */ = {isa = PBXBuildFile; fileRef = 968558682B90AF620090D5ED /* SettingsViewController.swift */; };
		9685586F2B90CA150090D5ED /* Observable.swift in Sources */ = {isa = PBXBuildFile; fileRef = 9685586E2B90CA150090D5ED /* Observable.swift */; };
		968558712B90D5F50090D5ED /* MainViewModel.swift in Sources */ = {isa = PBXBuildFile; fileRef = 968558702B90D5F50090D5ED /* MainViewModel.swift */; };
		968558742B90DF5C0090D5ED /* KeyboardPadView.swift in Sources */ = {isa = PBXBuildFile; fileRef = 968558732B90DF5C0090D5ED /* KeyboardPadView.swift */; };
		968558762B90DF800090D5ED /* KeyboardPadCollectionViewCell.swift in Sources */ = {isa = PBXBuildFile; fileRef = 968558752B90DF800090D5ED /* KeyboardPadCollectionViewCell.swift */; };
		968558782B9112E40090D5ED /* IconCircleButton.swift in Sources */ = {isa = PBXBuildFile; fileRef = 968558772B9112E40090D5ED /* IconCircleButton.swift */; };
		9685587B2B91EACD0090D5ED /* DropDownButton.swift in Sources */ = {isa = PBXBuildFile; fileRef = 9685587A2B91EACD0090D5ED /* DropDownButton.swift */; };
		9685587D2B923CDF0090D5ED /* AppStyles.swift in Sources */ = {isa = PBXBuildFile; fileRef = 9685587C2B923CDE0090D5ED /* AppStyles.swift */; };
		96A5CA9D2B924B6B00F54A3B /* CapsulSegmentedControl.swift in Sources */ = {isa = PBXBuildFile; fileRef = 96A5CA9C2B924B6B00F54A3B /* CapsulSegmentedControl.swift */; };
		96A5CAA12B924C0600F54A3B /* UIImage + imageFromColor.swift in Sources */ = {isa = PBXBuildFile; fileRef = 96A5CAA02B924C0600F54A3B /* UIImage + imageFromColor.swift */; };
		96B8B6E42BAA3DE3001C448D /* MainScreenConfigurator.swift in Sources */ = {isa = PBXBuildFile; fileRef = 96B8B6E32BAA3DE3001C448D /* MainScreenConfigurator.swift */; };
		96B8B6E62BAB7EE9001C448D /* KeyboardPadCollectionViewDataSource.swift in Sources */ = {isa = PBXBuildFile; fileRef = 96B8B6E52BAB7EE9001C448D /* KeyboardPadCollectionViewDataSource.swift */; };
		96C0D3902BAC632700C103F4 /* KeyboardPadView.xib in Resources */ = {isa = PBXBuildFile; fileRef = 96C0D38F2BAC632700C103F4 /* KeyboardPadView.xib */; };
		96C0D3932BAC860E00C103F4 /* UIViewController + LoadFromNib.swift in Sources */ = {isa = PBXBuildFile; fileRef = 96C0D3922BAC860E00C103F4 /* UIViewController + LoadFromNib.swift */; };
		96C0D3952BAC8CD200C103F4 /* KeyboardButton.swift in Sources */ = {isa = PBXBuildFile; fileRef = 96C0D3942BAC8CD200C103F4 /* KeyboardButton.swift */; };
		96C0D3972BAC8E4400C103F4 /* KeyboardPadViewModel.swift in Sources */ = {isa = PBXBuildFile; fileRef = 96C0D3962BAC8E4400C103F4 /* KeyboardPadViewModel.swift */; };
		96C0D39A2BADBC3A00C103F4 /* UIView + fromNib.swift in Sources */ = {isa = PBXBuildFile; fileRef = 96C0D3992BADBC3A00C103F4 /* UIView + fromNib.swift */; };
		96C0D39C2BADD94E00C103F4 /* KeyboardPadConfigurator.swift in Sources */ = {isa = PBXBuildFile; fileRef = 96C0D39B2BADD94E00C103F4 /* KeyboardPadConfigurator.swift */; };
		96C0D39F2BB2F3C200C103F4 /* String + hasValidDecimalPlaces.swift in Sources */ = {isa = PBXBuildFile; fileRef = 96C0D39E2BB2F3C200C103F4 /* String + hasValidDecimalPlaces.swift */; };
		96C0D3A12BB31F8A00C103F4 /* String + SeparateDouble.swift in Sources */ = {isa = PBXBuildFile; fileRef = 96C0D3A02BB31F8A00C103F4 /* String + SeparateDouble.swift */; };
		96C0D3A72BB3354E00C103F4 /* CoreDataStack + TransactionCategory.swift in Sources */ = {isa = PBXBuildFile; fileRef = 96C0D3A62BB3354E00C103F4 /* CoreDataStack + TransactionCategory.swift */; };
/* End PBXBuildFile section */

/* Begin PBXFileReference section */
		9618573C2BA3183C001D6700 /* TransactionType.swift */ = {isa = PBXFileReference; lastKnownFileType = sourcecode.swift; path = TransactionType.swift; sourceTree = "<group>"; };
		961857422BA5B4C0001D6700 /* CoreDataModel.xcdatamodel */ = {isa = PBXFileReference; lastKnownFileType = wrapper.xcdatamodel; path = CoreDataModel.xcdatamodel; sourceTree = "<group>"; };
		961857452BA5BE7D001D6700 /* CoreDataStack.swift */ = {isa = PBXFileReference; lastKnownFileType = sourcecode.swift; path = CoreDataStack.swift; sourceTree = "<group>"; };
		9618574A2BA89CCC001D6700 /* CoreDataStack + Account.swift */ = {isa = PBXFileReference; lastKnownFileType = sourcecode.swift; path = "CoreDataStack + Account.swift"; sourceTree = "<group>"; };
		9618574C2BA8A106001D6700 /* CoreDataStack + Currency.swift */ = {isa = PBXFileReference; lastKnownFileType = sourcecode.swift; path = "CoreDataStack + Currency.swift"; sourceTree = "<group>"; };
		9618575C2BA99C54001D6700 /* CoreDataStack + InitializeDataIfNeeded.swift */ = {isa = PBXFileReference; lastKnownFileType = sourcecode.swift; path = "CoreDataStack + InitializeDataIfNeeded.swift"; sourceTree = "<group>"; };
		9618575E2BA9DFD7001D6700 /* Icon.swift */ = {isa = PBXFileReference; lastKnownFileType = sourcecode.swift; path = Icon.swift; sourceTree = "<group>"; };
		961857612BA9E8D7001D6700 /* UIColor + HexString.swift */ = {isa = PBXFileReference; lastKnownFileType = sourcecode.swift; path = "UIColor + HexString.swift"; sourceTree = "<group>"; };
		961857712BA9F1CE001D6700 /* Account+CoreDataClass.swift */ = {isa = PBXFileReference; lastKnownFileType = sourcecode.swift; path = "Account+CoreDataClass.swift"; sourceTree = "<group>"; };
		961857722BA9F1CE001D6700 /* Account+CoreDataProperties.swift */ = {isa = PBXFileReference; lastKnownFileType = sourcecode.swift; path = "Account+CoreDataProperties.swift"; sourceTree = "<group>"; };
		961857752BAA0874001D6700 /* Categorieble.swift */ = {isa = PBXFileReference; lastKnownFileType = sourcecode.swift; path = Categorieble.swift; sourceTree = "<group>"; };
		968558442B8FDBD30090D5ED /* UpMoney.app */ = {isa = PBXFileReference; explicitFileType = wrapper.application; includeInIndex = 0; path = UpMoney.app; sourceTree = BUILT_PRODUCTS_DIR; };
		968558472B8FDBD30090D5ED /* AppDelegate.swift */ = {isa = PBXFileReference; lastKnownFileType = sourcecode.swift; path = AppDelegate.swift; sourceTree = "<group>"; };
		968558492B8FDBD30090D5ED /* SceneDelegate.swift */ = {isa = PBXFileReference; lastKnownFileType = sourcecode.swift; path = SceneDelegate.swift; sourceTree = "<group>"; };
		9685584B2B8FDBD30090D5ED /* MainViewController.swift */ = {isa = PBXFileReference; lastKnownFileType = sourcecode.swift; path = MainViewController.swift; sourceTree = "<group>"; };
		968558502B8FDBD40090D5ED /* Assets.xcassets */ = {isa = PBXFileReference; lastKnownFileType = folder.assetcatalog; path = Assets.xcassets; sourceTree = "<group>"; };
		968558532B8FDBD40090D5ED /* Base */ = {isa = PBXFileReference; lastKnownFileType = file.storyboard; name = Base; path = Base.lproj/LaunchScreen.storyboard; sourceTree = "<group>"; };
		968558552B8FDBD40090D5ED /* Info.plist */ = {isa = PBXFileReference; lastKnownFileType = text.plist.xml; path = Info.plist; sourceTree = "<group>"; };
		9685585E2B9095520090D5ED /* TabBar.swift */ = {isa = PBXFileReference; lastKnownFileType = sourcecode.swift; path = TabBar.swift; sourceTree = "<group>"; };
		968558642B90AF2F0090D5ED /* AccountsViewController.swift */ = {isa = PBXFileReference; lastKnownFileType = sourcecode.swift; path = AccountsViewController.swift; sourceTree = "<group>"; };
		968558662B90AF4D0090D5ED /* StatisticsViewController.swift */ = {isa = PBXFileReference; lastKnownFileType = sourcecode.swift; path = StatisticsViewController.swift; sourceTree = "<group>"; };
		968558682B90AF620090D5ED /* SettingsViewController.swift */ = {isa = PBXFileReference; lastKnownFileType = sourcecode.swift; path = SettingsViewController.swift; sourceTree = "<group>"; };
		9685586E2B90CA150090D5ED /* Observable.swift */ = {isa = PBXFileReference; lastKnownFileType = sourcecode.swift; path = Observable.swift; sourceTree = "<group>"; };
		968558702B90D5F50090D5ED /* MainViewModel.swift */ = {isa = PBXFileReference; lastKnownFileType = sourcecode.swift; path = MainViewModel.swift; sourceTree = "<group>"; };
		968558732B90DF5C0090D5ED /* KeyboardPadView.swift */ = {isa = PBXFileReference; lastKnownFileType = sourcecode.swift; path = KeyboardPadView.swift; sourceTree = "<group>"; };
		968558752B90DF800090D5ED /* KeyboardPadCollectionViewCell.swift */ = {isa = PBXFileReference; lastKnownFileType = sourcecode.swift; path = KeyboardPadCollectionViewCell.swift; sourceTree = "<group>"; };
		968558772B9112E40090D5ED /* IconCircleButton.swift */ = {isa = PBXFileReference; lastKnownFileType = sourcecode.swift; path = IconCircleButton.swift; sourceTree = "<group>"; };
		9685587A2B91EACD0090D5ED /* DropDownButton.swift */ = {isa = PBXFileReference; lastKnownFileType = sourcecode.swift; path = DropDownButton.swift; sourceTree = "<group>"; };
		9685587C2B923CDE0090D5ED /* AppStyles.swift */ = {isa = PBXFileReference; lastKnownFileType = sourcecode.swift; path = AppStyles.swift; sourceTree = "<group>"; };
		96A5CA9C2B924B6B00F54A3B /* CapsulSegmentedControl.swift */ = {isa = PBXFileReference; lastKnownFileType = sourcecode.swift; path = CapsulSegmentedControl.swift; sourceTree = "<group>"; };
		96A5CAA02B924C0600F54A3B /* UIImage + imageFromColor.swift */ = {isa = PBXFileReference; lastKnownFileType = sourcecode.swift; path = "UIImage + imageFromColor.swift"; sourceTree = "<group>"; };
		96B8B6E32BAA3DE3001C448D /* MainScreenConfigurator.swift */ = {isa = PBXFileReference; lastKnownFileType = sourcecode.swift; path = MainScreenConfigurator.swift; sourceTree = "<group>"; };
		96B8B6E52BAB7EE9001C448D /* KeyboardPadCollectionViewDataSource.swift */ = {isa = PBXFileReference; lastKnownFileType = sourcecode.swift; path = KeyboardPadCollectionViewDataSource.swift; sourceTree = "<group>"; };
		96C0D38F2BAC632700C103F4 /* KeyboardPadView.xib */ = {isa = PBXFileReference; lastKnownFileType = file.xib; path = KeyboardPadView.xib; sourceTree = "<group>"; };
		96C0D3922BAC860E00C103F4 /* UIViewController + LoadFromNib.swift */ = {isa = PBXFileReference; lastKnownFileType = sourcecode.swift; path = "UIViewController + LoadFromNib.swift"; sourceTree = "<group>"; };
		96C0D3942BAC8CD200C103F4 /* KeyboardButton.swift */ = {isa = PBXFileReference; lastKnownFileType = sourcecode.swift; path = KeyboardButton.swift; sourceTree = "<group>"; };
		96C0D3962BAC8E4400C103F4 /* KeyboardPadViewModel.swift */ = {isa = PBXFileReference; lastKnownFileType = sourcecode.swift; path = KeyboardPadViewModel.swift; sourceTree = "<group>"; };
		96C0D3992BADBC3A00C103F4 /* UIView + fromNib.swift */ = {isa = PBXFileReference; lastKnownFileType = sourcecode.swift; path = "UIView + fromNib.swift"; sourceTree = "<group>"; };
		96C0D39B2BADD94E00C103F4 /* KeyboardPadConfigurator.swift */ = {isa = PBXFileReference; lastKnownFileType = sourcecode.swift; path = KeyboardPadConfigurator.swift; sourceTree = "<group>"; };
		96C0D39E2BB2F3C200C103F4 /* String + hasValidDecimalPlaces.swift */ = {isa = PBXFileReference; lastKnownFileType = sourcecode.swift; path = "String + hasValidDecimalPlaces.swift"; sourceTree = "<group>"; };
		96C0D3A02BB31F8A00C103F4 /* String + SeparateDouble.swift */ = {isa = PBXFileReference; lastKnownFileType = sourcecode.swift; path = "String + SeparateDouble.swift"; sourceTree = "<group>"; };
		96C0D3A62BB3354E00C103F4 /* CoreDataStack + TransactionCategory.swift */ = {isa = PBXFileReference; lastKnownFileType = sourcecode.swift; path = "CoreDataStack + TransactionCategory.swift"; sourceTree = "<group>"; };
/* End PBXFileReference section */

/* Begin PBXFrameworksBuildPhase section */
		968558412B8FDBD30090D5ED /* Frameworks */ = {
			isa = PBXFrameworksBuildPhase;
			buildActionMask = 2147483647;
			files = (
			);
			runOnlyForDeploymentPostprocessing = 0;
		};
/* End PBXFrameworksBuildPhase section */

/* Begin PBXGroup section */
		961857442BA5BE6D001D6700 /* Manager */ = {
			isa = PBXGroup;
			children = (
				961857452BA5BE7D001D6700 /* CoreDataStack.swift */,
				9618574A2BA89CCC001D6700 /* CoreDataStack + Account.swift */,
				9618574C2BA8A106001D6700 /* CoreDataStack + Currency.swift */,
				96C0D3A62BB3354E00C103F4 /* CoreDataStack + TransactionCategory.swift */,
				9618575C2BA99C54001D6700 /* CoreDataStack + InitializeDataIfNeeded.swift */,
			);
			path = Manager;
			sourceTree = "<group>";
		};
		961857602BA9E7F6001D6700 /* UIColor */ = {
			isa = PBXGroup;
			children = (
				961857612BA9E8D7001D6700 /* UIColor + HexString.swift */,
			);
			path = UIColor;
			sourceTree = "<group>";
		};
		9685583B2B8FDBD30090D5ED = {
			isa = PBXGroup;
			children = (
				968558462B8FDBD30090D5ED /* UpMoney */,
				968558452B8FDBD30090D5ED /* Products */,
			);
			sourceTree = "<group>";
		};
		968558452B8FDBD30090D5ED /* Products */ = {
			isa = PBXGroup;
			children = (
				968558442B8FDBD30090D5ED /* UpMoney.app */,
			);
			name = Products;
			sourceTree = "<group>";
		};
		968558462B8FDBD30090D5ED /* UpMoney */ = {
			isa = PBXGroup;
			children = (
				96B8B6E22BAA3DC1001C448D /* Configurator */,
				961857442BA5BE6D001D6700 /* Manager */,
				96A5CA9E2B924BE200F54A3B /* Extentions */,
				9685586B2B90B83E0090D5ED /* Models */,
				9685586C2B90B8490090D5ED /* ViewModels */,
				9685585D2B9094D90090D5ED /* Views */,
				9685586D2B90C9ED0090D5ED /* Helpers */,
				9685585C2B8FDD430090D5ED /* Assets */,
				9685585B2B8FDD320090D5ED /* App */,
				968558552B8FDBD40090D5ED /* Info.plist */,
				961857412BA5B4C0001D6700 /* CoreDataModel.xcdatamodeld */,
			);
			path = UpMoney;
			sourceTree = "<group>";
		};
		9685585B2B8FDD320090D5ED /* App */ = {
			isa = PBXGroup;
			children = (
				968558472B8FDBD30090D5ED /* AppDelegate.swift */,
				968558492B8FDBD30090D5ED /* SceneDelegate.swift */,
			);
			path = App;
			sourceTree = "<group>";
		};
		9685585C2B8FDD430090D5ED /* Assets */ = {
			isa = PBXGroup;
			children = (
				968558502B8FDBD40090D5ED /* Assets.xcassets */,
				968558522B8FDBD40090D5ED /* LaunchScreen.storyboard */,
			);
			path = Assets;
			sourceTree = "<group>";
		};
		9685585D2B9094D90090D5ED /* Views */ = {
			isa = PBXGroup;
			children = (
				9685586A2B90B6F10090D5ED /* Common */,
				968558632B90AF0F0090D5ED /* Settings */,
				968558622B90AF080090D5ED /* Statistics */,
				968558612B90AEFF0090D5ED /* Accounts */,
				968558602B90AEE80090D5ED /* Home */,
				9685585E2B9095520090D5ED /* TabBar.swift */,
			);
			path = Views;
			sourceTree = "<group>";
		};
		968558602B90AEE80090D5ED /* Home */ = {
			isa = PBXGroup;
			children = (
				968558722B90DF060090D5ED /* Keyboard */,
				9685584B2B8FDBD30090D5ED /* MainViewController.swift */,
			);
			path = Home;
			sourceTree = "<group>";
		};
		968558612B90AEFF0090D5ED /* Accounts */ = {
			isa = PBXGroup;
			children = (
				968558642B90AF2F0090D5ED /* AccountsViewController.swift */,
			);
			path = Accounts;
			sourceTree = "<group>";
		};
		968558622B90AF080090D5ED /* Statistics */ = {
			isa = PBXGroup;
			children = (
				968558662B90AF4D0090D5ED /* StatisticsViewController.swift */,
			);
			path = Statistics;
			sourceTree = "<group>";
		};
		968558632B90AF0F0090D5ED /* Settings */ = {
			isa = PBXGroup;
			children = (
				968558682B90AF620090D5ED /* SettingsViewController.swift */,
			);
			path = Settings;
			sourceTree = "<group>";
		};
		9685586A2B90B6F10090D5ED /* Common */ = {
			isa = PBXGroup;
			children = (
				96A5CA9B2B924B3500F54A3B /* SegmentedControl */,
				968558792B91EA0D0090D5ED /* Buttons */,
			);
			path = Common;
			sourceTree = "<group>";
		};
		9685586B2B90B83E0090D5ED /* Models */ = {
			isa = PBXGroup;
			children = (
				961857712BA9F1CE001D6700 /* Account+CoreDataClass.swift */,
				961857722BA9F1CE001D6700 /* Account+CoreDataProperties.swift */,
				9618573C2BA3183C001D6700 /* TransactionType.swift */,
				9618575E2BA9DFD7001D6700 /* Icon.swift */,
				961857752BAA0874001D6700 /* Categorieble.swift */,
				96C0D3942BAC8CD200C103F4 /* KeyboardButton.swift */,
			);
			path = Models;
			sourceTree = "<group>";
		};
		9685586C2B90B8490090D5ED /* ViewModels */ = {
			isa = PBXGroup;
			children = (
				968558702B90D5F50090D5ED /* MainViewModel.swift */,
			);
			path = ViewModels;
			sourceTree = "<group>";
		};
		9685586D2B90C9ED0090D5ED /* Helpers */ = {
			isa = PBXGroup;
			children = (
				9685586E2B90CA150090D5ED /* Observable.swift */,
				9685587C2B923CDE0090D5ED /* AppStyles.swift */,
			);
			path = Helpers;
			sourceTree = "<group>";
		};
		968558722B90DF060090D5ED /* Keyboard */ = {
			isa = PBXGroup;
			children = (
				968558732B90DF5C0090D5ED /* KeyboardPadView.swift */,
				96C0D38F2BAC632700C103F4 /* KeyboardPadView.xib */,
				968558752B90DF800090D5ED /* KeyboardPadCollectionViewCell.swift */,
				96B8B6E52BAB7EE9001C448D /* KeyboardPadCollectionViewDataSource.swift */,
				96C0D3962BAC8E4400C103F4 /* KeyboardPadViewModel.swift */,
			);
			path = Keyboard;
			sourceTree = "<group>";
		};
		968558792B91EA0D0090D5ED /* Buttons */ = {
			isa = PBXGroup;
			children = (
				968558772B9112E40090D5ED /* IconCircleButton.swift */,
				9685587A2B91EACD0090D5ED /* DropDownButton.swift */,
			);
			path = Buttons;
			sourceTree = "<group>";
		};
		96A5CA9B2B924B3500F54A3B /* SegmentedControl */ = {
			isa = PBXGroup;
			children = (
				96A5CA9C2B924B6B00F54A3B /* CapsulSegmentedControl.swift */,
			);
			path = SegmentedControl;
			sourceTree = "<group>";
		};
		96A5CA9E2B924BE200F54A3B /* Extentions */ = {
			isa = PBXGroup;
			children = (
				96C0D39D2BB2F3B100C103F4 /* String */,
				96C0D3982BADBC3200C103F4 /* UIView */,
				96C0D3912BAC85F600C103F4 /* UIViewController */,
				961857602BA9E7F6001D6700 /* UIColor */,
				96A5CA9F2B924BED00F54A3B /* UIImage */,
			);
			path = Extentions;
			sourceTree = "<group>";
		};
		96A5CA9F2B924BED00F54A3B /* UIImage */ = {
			isa = PBXGroup;
			children = (
				96A5CAA02B924C0600F54A3B /* UIImage + imageFromColor.swift */,
			);
			path = UIImage;
			sourceTree = "<group>";
		};
		96B8B6E22BAA3DC1001C448D /* Configurator */ = {
			isa = PBXGroup;
			children = (
				96B8B6E32BAA3DE3001C448D /* MainScreenConfigurator.swift */,
				96C0D39B2BADD94E00C103F4 /* KeyboardPadConfigurator.swift */,
			);
			path = Configurator;
			sourceTree = "<group>";
		};
		96C0D3912BAC85F600C103F4 /* UIViewController */ = {
			isa = PBXGroup;
			children = (
				96C0D3922BAC860E00C103F4 /* UIViewController + LoadFromNib.swift */,
			);
			path = UIViewController;
			sourceTree = "<group>";
		};
		96C0D3982BADBC3200C103F4 /* UIView */ = {
			isa = PBXGroup;
			children = (
				96C0D3992BADBC3A00C103F4 /* UIView + fromNib.swift */,
			);
			path = UIView;
			sourceTree = "<group>";
		};
		96C0D39D2BB2F3B100C103F4 /* String */ = {
			isa = PBXGroup;
			children = (
				96C0D39E2BB2F3C200C103F4 /* String + hasValidDecimalPlaces.swift */,
				96C0D3A02BB31F8A00C103F4 /* String + SeparateDouble.swift */,
			);
			path = String;
			sourceTree = "<group>";
		};
/* End PBXGroup section */

/* Begin PBXNativeTarget section */
		968558432B8FDBD30090D5ED /* UpMoney */ = {
			isa = PBXNativeTarget;
			buildConfigurationList = 968558582B8FDBD40090D5ED /* Build configuration list for PBXNativeTarget "UpMoney" */;
			buildPhases = (
				968558402B8FDBD30090D5ED /* Sources */,
				968558412B8FDBD30090D5ED /* Frameworks */,
				968558422B8FDBD30090D5ED /* Resources */,
			);
			buildRules = (
			);
			dependencies = (
			);
			name = UpMoney;
			productName = UpMoney;
			productReference = 968558442B8FDBD30090D5ED /* UpMoney.app */;
			productType = "com.apple.product-type.application";
		};
/* End PBXNativeTarget section */

/* Begin PBXProject section */
		9685583C2B8FDBD30090D5ED /* Project object */ = {
			isa = PBXProject;
			attributes = {
				BuildIndependentTargetsInParallel = 1;
				LastSwiftUpdateCheck = 1520;
				LastUpgradeCheck = 1520;
				TargetAttributes = {
					968558432B8FDBD30090D5ED = {
						CreatedOnToolsVersion = 15.2;
					};
				};
			};
			buildConfigurationList = 9685583F2B8FDBD30090D5ED /* Build configuration list for PBXProject "UpMoney" */;
			compatibilityVersion = "Xcode 14.0";
			developmentRegion = en;
			hasScannedForEncodings = 0;
			knownRegions = (
				en,
				Base,
			);
			mainGroup = 9685583B2B8FDBD30090D5ED;
			productRefGroup = 968558452B8FDBD30090D5ED /* Products */;
			projectDirPath = "";
			projectRoot = "";
			targets = (
				968558432B8FDBD30090D5ED /* UpMoney */,
			);
		};
/* End PBXProject section */

/* Begin PBXResourcesBuildPhase section */
		968558422B8FDBD30090D5ED /* Resources */ = {
			isa = PBXResourcesBuildPhase;
			buildActionMask = 2147483647;
			files = (
				968558542B8FDBD40090D5ED /* LaunchScreen.storyboard in Resources */,
				968558512B8FDBD40090D5ED /* Assets.xcassets in Resources */,
				96C0D3902BAC632700C103F4 /* KeyboardPadView.xib in Resources */,
			);
			runOnlyForDeploymentPostprocessing = 0;
		};
/* End PBXResourcesBuildPhase section */

/* Begin PBXSourcesBuildPhase section */
		968558402B8FDBD30090D5ED /* Sources */ = {
			isa = PBXSourcesBuildPhase;
			buildActionMask = 2147483647;
			files = (
				961857622BA9E8D7001D6700 /* UIColor + HexString.swift in Sources */,
				961857432BA5B4C0001D6700 /* CoreDataModel.xcdatamodeld in Sources */,
				9685586F2B90CA150090D5ED /* Observable.swift in Sources */,
				961857762BAA0874001D6700 /* Categorieble.swift in Sources */,
				96C0D3932BAC860E00C103F4 /* UIViewController + LoadFromNib.swift in Sources */,
				9685587D2B923CDF0090D5ED /* AppStyles.swift in Sources */,
				9618574B2BA89CCC001D6700 /* CoreDataStack + Account.swift in Sources */,
				96C0D3972BAC8E4400C103F4 /* KeyboardPadViewModel.swift in Sources */,
				9618575F2BA9DFD7001D6700 /* Icon.swift in Sources */,
				9685584C2B8FDBD30090D5ED /* MainViewController.swift in Sources */,
				968558482B8FDBD30090D5ED /* AppDelegate.swift in Sources */,
				961857732BA9F1CE001D6700 /* Account+CoreDataClass.swift in Sources */,
				96B8B6E62BAB7EE9001C448D /* KeyboardPadCollectionViewDataSource.swift in Sources */,
				961857742BA9F1CE001D6700 /* Account+CoreDataProperties.swift in Sources */,
				96C0D3A12BB31F8A00C103F4 /* String + SeparateDouble.swift in Sources */,
				96C0D3952BAC8CD200C103F4 /* KeyboardButton.swift in Sources */,
				96C0D39F2BB2F3C200C103F4 /* String + hasValidDecimalPlaces.swift in Sources */,
				968558692B90AF620090D5ED /* SettingsViewController.swift in Sources */,
				968558652B90AF2F0090D5ED /* AccountsViewController.swift in Sources */,
				96A5CA9D2B924B6B00F54A3B /* CapsulSegmentedControl.swift in Sources */,
				968558742B90DF5C0090D5ED /* KeyboardPadView.swift in Sources */,
				9685587B2B91EACD0090D5ED /* DropDownButton.swift in Sources */,
				9618575D2BA99C54001D6700 /* CoreDataStack + InitializeDataIfNeeded.swift in Sources */,
				9618574D2BA8A106001D6700 /* CoreDataStack + Currency.swift in Sources */,
				968558672B90AF4D0090D5ED /* StatisticsViewController.swift in Sources */,
				96B8B6E42BAA3DE3001C448D /* MainScreenConfigurator.swift in Sources */,
				968558762B90DF800090D5ED /* KeyboardPadCollectionViewCell.swift in Sources */,
				96A5CAA12B924C0600F54A3B /* UIImage + imageFromColor.swift in Sources */,
				9685584A2B8FDBD30090D5ED /* SceneDelegate.swift in Sources */,
				961857462BA5BE7D001D6700 /* CoreDataStack.swift in Sources */,
				9685585F2B9095520090D5ED /* TabBar.swift in Sources */,
				968558782B9112E40090D5ED /* IconCircleButton.swift in Sources */,
				968558712B90D5F50090D5ED /* MainViewModel.swift in Sources */,
				96C0D39C2BADD94E00C103F4 /* KeyboardPadConfigurator.swift in Sources */,
				96C0D39A2BADBC3A00C103F4 /* UIView + fromNib.swift in Sources */,
				9618573D2BA3183C001D6700 /* TransactionType.swift in Sources */,
				96C0D3A72BB3354E00C103F4 /* CoreDataStack + TransactionCategory.swift in Sources */,
			);
			runOnlyForDeploymentPostprocessing = 0;
		};
/* End PBXSourcesBuildPhase section */

/* Begin PBXVariantGroup section */
		968558522B8FDBD40090D5ED /* LaunchScreen.storyboard */ = {
			isa = PBXVariantGroup;
			children = (
				968558532B8FDBD40090D5ED /* Base */,
			);
			name = LaunchScreen.storyboard;
			sourceTree = "<group>";
		};
/* End PBXVariantGroup section */

/* Begin XCBuildConfiguration section */
		968558562B8FDBD40090D5ED /* Debug */ = {
			isa = XCBuildConfiguration;
			buildSettings = {
				ALWAYS_SEARCH_USER_PATHS = NO;
				ASSETCATALOG_COMPILER_GENERATE_SWIFT_ASSET_SYMBOL_EXTENSIONS = YES;
				CLANG_ANALYZER_LOCALIZABILITY_NONLOCALIZED = YES;
				CLANG_ANALYZER_NONNULL = YES;
				CLANG_ANALYZER_NUMBER_OBJECT_CONVERSION = YES_AGGRESSIVE;
				CLANG_CXX_LANGUAGE_STANDARD = "gnu++20";
				CLANG_ENABLE_MODULES = YES;
				CLANG_ENABLE_OBJC_ARC = YES;
				CLANG_ENABLE_OBJC_WEAK = YES;
				CLANG_WARN_BLOCK_CAPTURE_AUTORELEASING = YES;
				CLANG_WARN_BOOL_CONVERSION = YES;
				CLANG_WARN_COMMA = YES;
				CLANG_WARN_CONSTANT_CONVERSION = YES;
				CLANG_WARN_DEPRECATED_OBJC_IMPLEMENTATIONS = YES;
				CLANG_WARN_DIRECT_OBJC_ISA_USAGE = YES_ERROR;
				CLANG_WARN_DOCUMENTATION_COMMENTS = YES;
				CLANG_WARN_EMPTY_BODY = YES;
				CLANG_WARN_ENUM_CONVERSION = YES;
				CLANG_WARN_INFINITE_RECURSION = YES;
				CLANG_WARN_INT_CONVERSION = YES;
				CLANG_WARN_NON_LITERAL_NULL_CONVERSION = YES;
				CLANG_WARN_OBJC_IMPLICIT_RETAIN_SELF = YES;
				CLANG_WARN_OBJC_LITERAL_CONVERSION = YES;
				CLANG_WARN_OBJC_ROOT_CLASS = YES_ERROR;
				CLANG_WARN_QUOTED_INCLUDE_IN_FRAMEWORK_HEADER = YES;
				CLANG_WARN_RANGE_LOOP_ANALYSIS = YES;
				CLANG_WARN_STRICT_PROTOTYPES = YES;
				CLANG_WARN_SUSPICIOUS_MOVE = YES;
				CLANG_WARN_UNGUARDED_AVAILABILITY = YES_AGGRESSIVE;
				CLANG_WARN_UNREACHABLE_CODE = YES;
				CLANG_WARN__DUPLICATE_METHOD_MATCH = YES;
				COPY_PHASE_STRIP = NO;
				DEBUG_INFORMATION_FORMAT = dwarf;
				ENABLE_STRICT_OBJC_MSGSEND = YES;
				ENABLE_TESTABILITY = YES;
				ENABLE_USER_SCRIPT_SANDBOXING = YES;
				GCC_C_LANGUAGE_STANDARD = gnu17;
				GCC_DYNAMIC_NO_PIC = NO;
				GCC_NO_COMMON_BLOCKS = YES;
				GCC_OPTIMIZATION_LEVEL = 0;
				GCC_PREPROCESSOR_DEFINITIONS = (
					"DEBUG=1",
					"$(inherited)",
				);
				GCC_WARN_64_TO_32_BIT_CONVERSION = YES;
				GCC_WARN_ABOUT_RETURN_TYPE = YES_ERROR;
				GCC_WARN_UNDECLARED_SELECTOR = YES;
				GCC_WARN_UNINITIALIZED_AUTOS = YES_AGGRESSIVE;
				GCC_WARN_UNUSED_FUNCTION = YES;
				GCC_WARN_UNUSED_VARIABLE = YES;
				IPHONEOS_DEPLOYMENT_TARGET = 15.0;
				LOCALIZATION_PREFERS_STRING_CATALOGS = YES;
				MTL_ENABLE_DEBUG_INFO = INCLUDE_SOURCE;
				MTL_FAST_MATH = YES;
				ONLY_ACTIVE_ARCH = YES;
				SDKROOT = iphoneos;
				SWIFT_ACTIVE_COMPILATION_CONDITIONS = "DEBUG $(inherited)";
				SWIFT_OPTIMIZATION_LEVEL = "-Onone";
			};
			name = Debug;
		};
		968558572B8FDBD40090D5ED /* Release */ = {
			isa = XCBuildConfiguration;
			buildSettings = {
				ALWAYS_SEARCH_USER_PATHS = NO;
				ASSETCATALOG_COMPILER_GENERATE_SWIFT_ASSET_SYMBOL_EXTENSIONS = YES;
				CLANG_ANALYZER_LOCALIZABILITY_NONLOCALIZED = YES;
				CLANG_ANALYZER_NONNULL = YES;
				CLANG_ANALYZER_NUMBER_OBJECT_CONVERSION = YES_AGGRESSIVE;
				CLANG_CXX_LANGUAGE_STANDARD = "gnu++20";
				CLANG_ENABLE_MODULES = YES;
				CLANG_ENABLE_OBJC_ARC = YES;
				CLANG_ENABLE_OBJC_WEAK = YES;
				CLANG_WARN_BLOCK_CAPTURE_AUTORELEASING = YES;
				CLANG_WARN_BOOL_CONVERSION = YES;
				CLANG_WARN_COMMA = YES;
				CLANG_WARN_CONSTANT_CONVERSION = YES;
				CLANG_WARN_DEPRECATED_OBJC_IMPLEMENTATIONS = YES;
				CLANG_WARN_DIRECT_OBJC_ISA_USAGE = YES_ERROR;
				CLANG_WARN_DOCUMENTATION_COMMENTS = YES;
				CLANG_WARN_EMPTY_BODY = YES;
				CLANG_WARN_ENUM_CONVERSION = YES;
				CLANG_WARN_INFINITE_RECURSION = YES;
				CLANG_WARN_INT_CONVERSION = YES;
				CLANG_WARN_NON_LITERAL_NULL_CONVERSION = YES;
				CLANG_WARN_OBJC_IMPLICIT_RETAIN_SELF = YES;
				CLANG_WARN_OBJC_LITERAL_CONVERSION = YES;
				CLANG_WARN_OBJC_ROOT_CLASS = YES_ERROR;
				CLANG_WARN_QUOTED_INCLUDE_IN_FRAMEWORK_HEADER = YES;
				CLANG_WARN_RANGE_LOOP_ANALYSIS = YES;
				CLANG_WARN_STRICT_PROTOTYPES = YES;
				CLANG_WARN_SUSPICIOUS_MOVE = YES;
				CLANG_WARN_UNGUARDED_AVAILABILITY = YES_AGGRESSIVE;
				CLANG_WARN_UNREACHABLE_CODE = YES;
				CLANG_WARN__DUPLICATE_METHOD_MATCH = YES;
				COPY_PHASE_STRIP = NO;
				DEBUG_INFORMATION_FORMAT = "dwarf-with-dsym";
				ENABLE_NS_ASSERTIONS = NO;
				ENABLE_STRICT_OBJC_MSGSEND = YES;
				ENABLE_USER_SCRIPT_SANDBOXING = YES;
				GCC_C_LANGUAGE_STANDARD = gnu17;
				GCC_NO_COMMON_BLOCKS = YES;
				GCC_WARN_64_TO_32_BIT_CONVERSION = YES;
				GCC_WARN_ABOUT_RETURN_TYPE = YES_ERROR;
				GCC_WARN_UNDECLARED_SELECTOR = YES;
				GCC_WARN_UNINITIALIZED_AUTOS = YES_AGGRESSIVE;
				GCC_WARN_UNUSED_FUNCTION = YES;
				GCC_WARN_UNUSED_VARIABLE = YES;
				IPHONEOS_DEPLOYMENT_TARGET = 15.0;
				LOCALIZATION_PREFERS_STRING_CATALOGS = YES;
				MTL_ENABLE_DEBUG_INFO = NO;
				MTL_FAST_MATH = YES;
				SDKROOT = iphoneos;
				SWIFT_COMPILATION_MODE = wholemodule;
				VALIDATE_PRODUCT = YES;
			};
			name = Release;
		};
		968558592B8FDBD40090D5ED /* Debug */ = {
			isa = XCBuildConfiguration;
			buildSettings = {
				ASSETCATALOG_COMPILER_APPICON_NAME = AppIcon;
				ASSETCATALOG_COMPILER_GLOBAL_ACCENT_COLOR_NAME = AccentColor;
				CODE_SIGN_STYLE = Automatic;
				CURRENT_PROJECT_VERSION = 1;
				DEVELOPMENT_TEAM = GDZL4G7BLZ;
				GENERATE_INFOPLIST_FILE = YES;
				INFOPLIST_FILE = UpMoney/Info.plist;
				INFOPLIST_KEY_CFBundleDisplayName = UpMoney;
				INFOPLIST_KEY_LSApplicationCategoryType = "public.app-category.finance";
				INFOPLIST_KEY_UIApplicationSupportsIndirectInputEvents = YES;
				INFOPLIST_KEY_UILaunchStoryboardName = LaunchScreen;
				INFOPLIST_KEY_UIMainStoryboardFile = "";
				INFOPLIST_KEY_UISupportedInterfaceOrientations_iPad = "UIInterfaceOrientationPortrait UIInterfaceOrientationPortraitUpsideDown UIInterfaceOrientationLandscapeLeft UIInterfaceOrientationLandscapeRight";
				INFOPLIST_KEY_UISupportedInterfaceOrientations_iPhone = "UIInterfaceOrientationPortrait UIInterfaceOrientationLandscapeLeft UIInterfaceOrientationLandscapeRight";
				IPHONEOS_DEPLOYMENT_TARGET = 15.0;
				LD_RUNPATH_SEARCH_PATHS = (
					"$(inherited)",
					"@executable_path/Frameworks",
				);
				MARKETING_VERSION = 1.0;
				PRODUCT_BUNDLE_IDENTIFIER = site.gleb.UpMoney;
				PRODUCT_NAME = "$(TARGET_NAME)";
				SWIFT_EMIT_LOC_STRINGS = YES;
				SWIFT_VERSION = 5.0;
				TARGETED_DEVICE_FAMILY = "1,2";
			};
			name = Debug;
		};
		9685585A2B8FDBD40090D5ED /* Release */ = {
			isa = XCBuildConfiguration;
			buildSettings = {
				ASSETCATALOG_COMPILER_APPICON_NAME = AppIcon;
				ASSETCATALOG_COMPILER_GLOBAL_ACCENT_COLOR_NAME = AccentColor;
				CODE_SIGN_STYLE = Automatic;
				CURRENT_PROJECT_VERSION = 1;
				DEVELOPMENT_TEAM = GDZL4G7BLZ;
				GENERATE_INFOPLIST_FILE = YES;
				INFOPLIST_FILE = UpMoney/Info.plist;
				INFOPLIST_KEY_CFBundleDisplayName = UpMoney;
				INFOPLIST_KEY_LSApplicationCategoryType = "public.app-category.finance";
				INFOPLIST_KEY_UIApplicationSupportsIndirectInputEvents = YES;
				INFOPLIST_KEY_UILaunchStoryboardName = LaunchScreen;
				INFOPLIST_KEY_UIMainStoryboardFile = "";
				INFOPLIST_KEY_UISupportedInterfaceOrientations_iPad = "UIInterfaceOrientationPortrait UIInterfaceOrientationPortraitUpsideDown UIInterfaceOrientationLandscapeLeft UIInterfaceOrientationLandscapeRight";
				INFOPLIST_KEY_UISupportedInterfaceOrientations_iPhone = "UIInterfaceOrientationPortrait UIInterfaceOrientationLandscapeLeft UIInterfaceOrientationLandscapeRight";
				IPHONEOS_DEPLOYMENT_TARGET = 15.0;
				LD_RUNPATH_SEARCH_PATHS = (
					"$(inherited)",
					"@executable_path/Frameworks",
				);
				MARKETING_VERSION = 1.0;
				PRODUCT_BUNDLE_IDENTIFIER = site.gleb.UpMoney;
				PRODUCT_NAME = "$(TARGET_NAME)";
				SWIFT_EMIT_LOC_STRINGS = YES;
				SWIFT_VERSION = 5.0;
				TARGETED_DEVICE_FAMILY = "1,2";
			};
			name = Release;
		};
/* End XCBuildConfiguration section */

/* Begin XCConfigurationList section */
		9685583F2B8FDBD30090D5ED /* Build configuration list for PBXProject "UpMoney" */ = {
			isa = XCConfigurationList;
			buildConfigurations = (
				968558562B8FDBD40090D5ED /* Debug */,
				968558572B8FDBD40090D5ED /* Release */,
			);
			defaultConfigurationIsVisible = 0;
			defaultConfigurationName = Release;
		};
		968558582B8FDBD40090D5ED /* Build configuration list for PBXNativeTarget "UpMoney" */ = {
			isa = XCConfigurationList;
			buildConfigurations = (
				968558592B8FDBD40090D5ED /* Debug */,
				9685585A2B8FDBD40090D5ED /* Release */,
			);
			defaultConfigurationIsVisible = 0;
			defaultConfigurationName = Release;
		};
/* End XCConfigurationList section */

/* Begin XCVersionGroup section */
		961857412BA5B4C0001D6700 /* CoreDataModel.xcdatamodeld */ = {
			isa = XCVersionGroup;
			children = (
				961857422BA5B4C0001D6700 /* CoreDataModel.xcdatamodel */,
			);
			currentVersion = 961857422BA5B4C0001D6700 /* CoreDataModel.xcdatamodel */;
			name = CoreDataModel.xcdatamodeld;
			path = /Users/dulingleb/Desktop/xcode/UpMoney/UpMoney/CoreDataModel.xcdatamodeld;
			sourceTree = "<group>";
			versionGroupType = wrapper.xcdatamodel;
		};
/* End XCVersionGroup section */
	};
	rootObject = 9685583C2B8FDBD30090D5ED /* Project object */;
}
